{
  "name": "evanspace.github.io",
  "lockfileVersion": 3,
  "requires": true,
  "packages": {
    "": {
      "dependencies": {
        "three.path": "^1.0.1"
      }
    },
    "node_modules/three": {
      "version": "0.132.2",
      "resolved": "https://registry.npmmirror.com/three/-/three-0.132.2.tgz",
      "integrity": "sha512-0wcR7LxxkXMn6Gi58gEs3QvY8WpTVXA31L2VOvpjm4ZPYFRHCZC13UqynheFoS5OXDYgtBneN0dhbaNBE8iLhQ=="
    },
    "node_modules/three.path": {
      "version": "1.0.1",
      "resolved": "https://registry.npmmirror.com/three.path/-/three.path-1.0.1.tgz",
      "integrity": "sha512-YZGPv75s65V0JMCPqG+DBq72YEb7bzQES3lFWggjoJZ9zbTd/f5ukN+yolIqIkQTm9FWelQ367VhbMihQUq59Q==",
      "dependencies": {
        "three": "^0.132.2"
      }
    }
  }
}
